
Microsoft Visual Studio Solution File, Format Version 12.00
# Visual Studio Version 16
VisualStudioVersion = 16.0.31129.286
MinimumVisualStudioVersion = 10.0.40219.1
Project("{9A19103F-16F7-4668-BE54-9A1E7A4F7556}") = "GraphQL.WebApi", "GraphQL.WebApi\GraphQL.WebApi.csproj", "{1E522B33-3B7F-4D75-84EB-79F5E45371B0}"
EndProject
Project("{2150E333-8FDC-42A3-9474-1A3956D46DE8}") = "01 - Presentation", "01 - Presentation", "{ABEA7B48-1CD0-4C0F-8A61-E93F9CE47631}"
EndProject
Project("{2150E333-8FDC-42A3-9474-1A3956D46DE8}") = "02 - Domain", "02 - Domain", "{45123AB5-4A2F-4D42-A0E6-2A358DDA7E04}"
EndProject
Project("{2150E333-8FDC-42A3-9474-1A3956D46DE8}") = "03 - Implementation", "03 - Implementation", "{491F1124-99EC-44A2-8403-8364E495DE3A}"
EndProject
Project("{2150E333-8FDC-42A3-9474-1A3956D46DE8}") = "04 - Infrastructure", "04 - Infrastructure", "{55B0F39A-E8D7-4B5E-8613-DAC7F63087D5}"
EndProject
Project("{9A19103F-16F7-4668-BE54-9A1E7A4F7556}") = "GraphQL.Infrastructure", "GraphQL.Infrastructure\GraphQL.Infrastructure.csproj", "{D59B9642-3860-4A4F-AE1D-078BE855180E}"
EndProject
Project("{9A19103F-16F7-4668-BE54-9A1E7A4F7556}") = "GraphQL.Implementation", "GraphQL.Implementation\GraphQL.Implementation.csproj", "{AFA24C3F-13DB-4008-A493-53B7F97F8DCB}"
EndProject
Project("{9A19103F-16F7-4668-BE54-9A1E7A4F7556}") = "GraphyQL.Domain", "GraphyQL.Domain\GraphyQL.Domain.csproj", "{3AA17A5E-9AAB-49C6-A7B4-C8462583B121}"
EndProject
Project("{FAE04EC0-301F-11D3-BF4B-00C04F79EFBC}") = "GraphQL.ClientWeb", "GraphQL.ClientWeb\GraphQL.ClientWeb.csproj", "{6BE9A5F9-5B0F-4EC7-808A-7BD61CBD807B}"
EndProject
Global
	GlobalSection(SolutionConfigurationPlatforms) = preSolution
		Debug|Any CPU = Debug|Any CPU
		Release|Any CPU = Release|Any CPU
	EndGlobalSection
	GlobalSection(ProjectConfigurationPlatforms) = postSolution
		{1E522B33-3B7F-4D75-84EB-79F5E45371B0}.Debug|Any CPU.ActiveCfg = Debug|Any CPU
		{1E522B33-3B7F-4D75-84EB-79F5E45371B0}.Debug|Any CPU.Build.0 = Debug|Any CPU
		{1E522B33-3B7F-4D75-84EB-79F5E45371B0}.Release|Any CPU.ActiveCfg = Release|Any CPU
		{1E522B33-3B7F-4D75-84EB-79F5E45371B0}.Release|Any CPU.Build.0 = Release|Any CPU
		{D59B9642-3860-4A4F-AE1D-078BE855180E}.Debug|Any CPU.ActiveCfg = Debug|Any CPU
		{D59B9642-3860-4A4F-AE1D-078BE855180E}.Debug|Any CPU.Build.0 = Debug|Any CPU
		{D59B9642-3860-4A4F-AE1D-078BE855180E}.Release|Any CPU.ActiveCfg = Release|Any CPU
		{D59B9642-3860-4A4F-AE1D-078BE855180E}.Release|Any CPU.Build.0 = Release|Any CPU
		{AFA24C3F-13DB-4008-A493-53B7F97F8DCB}.Debug|Any CPU.ActiveCfg = Debug|Any CPU
		{AFA24C3F-13DB-4008-A493-53B7F97F8DCB}.Debug|Any CPU.Build.0 = Debug|Any CPU
		{AFA24C3F-13DB-4008-A493-53B7F97F8DCB}.Release|Any CPU.ActiveCfg = Release|Any CPU
		{AFA24C3F-13DB-4008-A493-53B7F97F8DCB}.Release|Any CPU.Build.0 = Release|Any CPU
		{3AA17A5E-9AAB-49C6-A7B4-C8462583B121}.Debug|Any CPU.ActiveCfg = Debug|Any CPU
		{3AA17A5E-9AAB-49C6-A7B4-C8462583B121}.Debug|Any CPU.Build.0 = Debug|Any CPU
		{3AA17A5E-9AAB-49C6-A7B4-C8462583B121}.Release|Any CPU.ActiveCfg = Release|Any CPU
		{3AA17A5E-9AAB-49C6-A7B4-C8462583B121}.Release|Any CPU.Build.0 = Release|Any CPU
		{6BE9A5F9-5B0F-4EC7-808A-7BD61CBD807B}.Debug|Any CPU.ActiveCfg = Debug|Any CPU
		{6BE9A5F9-5B0F-4EC7-808A-7BD61CBD807B}.Debug|Any CPU.Build.0 = Debug|Any CPU
		{6BE9A5F9-5B0F-4EC7-808A-7BD61CBD807B}.Release|Any CPU.ActiveCfg = Release|Any CPU
		{6BE9A5F9-5B0F-4EC7-808A-7BD61CBD807B}.Release|Any CPU.Build.0 = Release|Any CPU
	EndGlobalSection
	GlobalSection(SolutionProperties) = preSolution
		HideSolutionNode = FALSE
	EndGlobalSection
	GlobalSection(NestedProjects) = preSolution
		{1E522B33-3B7F-4D75-84EB-79F5E45371B0} = {ABEA7B48-1CD0-4C0F-8A61-E93F9CE47631}
		{D59B9642-3860-4A4F-AE1D-078BE855180E} = {55B0F39A-E8D7-4B5E-8613-DAC7F63087D5}
		{AFA24C3F-13DB-4008-A493-53B7F97F8DCB} = {491F1124-99EC-44A2-8403-8364E495DE3A}
		{3AA17A5E-9AAB-49C6-A7B4-C8462583B121} = {45123AB5-4A2F-4D42-A0E6-2A358DDA7E04}
		{6BE9A5F9-5B0F-4EC7-808A-7BD61CBD807B} = {ABEA7B48-1CD0-4C0F-8A61-E93F9CE47631}
	EndGlobalSection
	GlobalSection(ExtensibilityGlobals) = postSolution
		SolutionGuid = {19AA7AAF-63EF-4B55-A463-DCECFB7A9F25}
	EndGlobalSection
EndGlobal
